{
  "name": "fans",
  "version": "1.0.0",
  "lockfileVersion": 1,
  "requires": true,
  "dependencies": {
    "BigAssFansAPI": {
      "version": "1.1.1",
      "resolved": "https://registry.npmjs.org/BigAssFansAPI/-/BigAssFansAPI-1.1.1.tgz",
      "integrity": "sha1-UruJaXscU9O/pWfzZeePdjYRR8Y="
    },
    "eventemitter3": {
      "version": "2.0.3",
      "resolved": "https://registry.npmjs.org/eventemitter3/-/eventemitter3-2.0.3.tgz",
      "integrity": "sha1-teEHm1n7XhuidxwKmTvgYKWMmbo="
    },
    "lodash": {
      "version": "4.17.10",
      "resolved": "https://registry.npmjs.org/lodash/-/lodash-4.17.10.tgz",
      "integrity": "sha512-UejweD1pDoXu+AD825lWwp4ZGtSwgnpZxb3JDViD7StjQz+Nb/6l093lx4OQ0foGWNRoc19mWy7BzL+UAK2iVg=="
    },
    "node-lifx": {
      "version": "0.8.0",
      "resolved": "https://registry.npmjs.org/node-lifx/-/node-lifx-0.8.0.tgz",
      "integrity": "sha1-L5aZNWIQC5FV4uxJ3ey/wzyaPa4=",
      "requires": {
        "eventemitter3": "2.0.3",
        "lodash": "4.17.10"
      }
    }
  }
}
