{
  "name": "fans",
  "version": "1.0.0",
  "lockfileVersion": 1,
  "requires": true,
  "dependencies": {
    "BigAssFansAPI": {
      "version": "1.1.1",
      "resolved": "https://registry.npmjs.org/BigAssFansAPI/-/BigAssFansAPI-1.1.1.tgz",
      "integrity": "sha1-UruJaXscU9O/pWfzZeePdjYRR8Y="
    }
  }
}
